
Microsoft Visual Studio Solution File, Format Version 12.00
# Visual Studio 14
VisualStudioVersion = 14.0.25123.0
MinimumVisualStudioVersion = 10.0.40219.1
Project("{FAE04EC0-301F-11D3-BF4B-00C04F79EFBC}") = "Car Expert System", "Car Expert System\Car Expert System.csproj", "{16845A59-7ED0-4446-AA07-78C22F16BC83}"
EndProject
Global
	GlobalSection(SolutionConfigurationPlatforms) = preSolution
		Debug|Any CPU = Debug|Any CPU
		Release|Any CPU = Release|Any CPU
	EndGlobalSection
	GlobalSection(ProjectConfigurationPlatforms) = postSolution
		{16845A59-7ED0-4446-AA07-78C22F16BC83}.Debug|Any CPU.ActiveCfg = Debug|Any CPU
		{16845A59-7ED0-4446-AA07-78C22F16BC83}.Debug|Any CPU.Build.0 = Debug|Any CPU
		{16845A59-7ED0-4446-AA07-78C22F16BC83}.Release|Any CPU.ActiveCfg = Release|Any CPU
		{16845A59-7ED0-4446-AA07-78C22F16BC83}.Release|Any CPU.Build.0 = Release|Any CPU
	EndGlobalSection
	GlobalSection(SolutionProperties) = preSolution
		HideSolutionNode = FALSE
	EndGlobalSection
EndGlobal
